
Microsoft Visual Studio Solution File, Format Version 12.00
# Visual Studio Version 16
VisualStudioVersion = 16.0.30309.148
MinimumVisualStudioVersion = 10.0.40219.1
Project("{FAE04EC0-301F-11D3-BF4B-00C04F79EFBC}") = "Phoneword", "Phoneword\Phoneword.csproj", "{A8E39382-EDCC-4D5E-9311-1D750A36B843}"
EndProject
Global
	GlobalSection(SolutionConfigurationPlatforms) = preSolution
		Debug|Any CPU = Debug|Any CPU
		Release|Any CPU = Release|Any CPU
	EndGlobalSection
	GlobalSection(ProjectConfigurationPlatforms) = postSolution
		{A8E39382-EDCC-4D5E-9311-1D750A36B843}.Debug|Any CPU.ActiveCfg = Debug|Any CPU
		{A8E39382-EDCC-4D5E-9311-1D750A36B843}.Debug|Any CPU.Build.0 = Debug|Any CPU
		{A8E39382-EDCC-4D5E-9311-1D750A36B843}.Debug|Any CPU.Deploy.0 = Debug|Any CPU
		{A8E39382-EDCC-4D5E-9311-1D750A36B843}.Release|Any CPU.ActiveCfg = Release|Any CPU
		{A8E39382-EDCC-4D5E-9311-1D750A36B843}.Release|Any CPU.Build.0 = Release|Any CPU
		{A8E39382-EDCC-4D5E-9311-1D750A36B843}.Release|Any CPU.Deploy.0 = Release|Any CPU
	EndGlobalSection
	GlobalSection(SolutionProperties) = preSolution
		HideSolutionNode = FALSE
	EndGlobalSection
	GlobalSection(ExtensibilityGlobals) = postSolution
		SolutionGuid = {ADB7B6F6-F6EF-4418-94E7-F095F2C2FEB6}
	EndGlobalSection
EndGlobal
